
Microsoft Visual Studio Solution File, Format Version 12.00
# Visual Studio Version 17
VisualStudioVersion = 17.2.32602.215
MinimumVisualStudioVersion = 10.0.40219.1
Project("{FAE04EC0-301F-11D3-BF4B-00C04F79EFBC}") = "StatProjectAPI", "StatProjectAPI\StatProjectAPI.csproj", "{4A6E2C54-1A1A-4522-AA12-885FA906A0C5}"
EndProject
Project("{FAE04EC0-301F-11D3-BF4B-00C04F79EFBC}") = "StatProjectLib", "StatProjectLib\StatProjectLib.csproj", "{48DBFA88-AB23-4941-B399-D5F0B791CAE9}"
EndProject
Global
	GlobalSection(SolutionConfigurationPlatforms) = preSolution
		Debug|Any CPU = Debug|Any CPU
		Release|Any CPU = Release|Any CPU
	EndGlobalSection
	GlobalSection(ProjectConfigurationPlatforms) = postSolution
		{4A6E2C54-1A1A-4522-AA12-885FA906A0C5}.Debug|Any CPU.ActiveCfg = Debug|Any CPU
		{4A6E2C54-1A1A-4522-AA12-885FA906A0C5}.Debug|Any CPU.Build.0 = Debug|Any CPU
		{4A6E2C54-1A1A-4522-AA12-885FA906A0C5}.Release|Any CPU.ActiveCfg = Release|Any CPU
		{4A6E2C54-1A1A-4522-AA12-885FA906A0C5}.Release|Any CPU.Build.0 = Release|Any CPU
		{48DBFA88-AB23-4941-B399-D5F0B791CAE9}.Debug|Any CPU.ActiveCfg = Debug|Any CPU
		{48DBFA88-AB23-4941-B399-D5F0B791CAE9}.Debug|Any CPU.Build.0 = Debug|Any CPU
		{48DBFA88-AB23-4941-B399-D5F0B791CAE9}.Release|Any CPU.ActiveCfg = Release|Any CPU
		{48DBFA88-AB23-4941-B399-D5F0B791CAE9}.Release|Any CPU.Build.0 = Release|Any CPU
	EndGlobalSection
	GlobalSection(SolutionProperties) = preSolution
		HideSolutionNode = FALSE
	EndGlobalSection
	GlobalSection(ExtensibilityGlobals) = postSolution
		SolutionGuid = {C2FA4196-4416-4EED-A009-08FCD5A47C3A}
	EndGlobalSection
EndGlobal
